
Microsoft Visual Studio Solution File, Format Version 12.00
Project("{FAE04EC0-301F-11D3-BF4B-00C04F79EFBC}") = "gwstv_car", "gwstv_car\gwstv_car.csproj", "{62D0765D-6D5B-459D-B5D1-77D36AEB2056}"
EndProject
Global
	GlobalSection(SolutionConfigurationPlatforms) = preSolution
		Debug|Any CPU = Debug|Any CPU
		Release|Any CPU = Release|Any CPU
	EndGlobalSection
	GlobalSection(ProjectConfigurationPlatforms) = postSolution
		{62D0765D-6D5B-459D-B5D1-77D36AEB2056}.Debug|Any CPU.ActiveCfg = Debug|Any CPU
		{62D0765D-6D5B-459D-B5D1-77D36AEB2056}.Debug|Any CPU.Build.0 = Debug|Any CPU
		{62D0765D-6D5B-459D-B5D1-77D36AEB2056}.Release|Any CPU.ActiveCfg = Release|Any CPU
		{62D0765D-6D5B-459D-B5D1-77D36AEB2056}.Release|Any CPU.Build.0 = Release|Any CPU
	EndGlobalSection
EndGlobal
